
Microsoft Visual Studio Solution File, Format Version 12.00
# Visual Studio Version 17
VisualStudioVersion = 17.14.36518.9 d17.14
MinimumVisualStudioVersion = 10.0.40219.1
Project("{FAE04EC0-301F-11D3-BF4B-00C04F79EFBC}") = "Cookie", "Cookie.csproj", "{8BA4277F-7E18-431A-B376-7EA17CE0CD17}"
EndProject
Global
	GlobalSection(SolutionConfigurationPlatforms) = preSolution
		Debug|Any CPU = Debug|Any CPU
		Release|Any CPU = Release|Any CPU
	EndGlobalSection
	GlobalSection(ProjectConfigurationPlatforms) = postSolution
		{8BA4277F-7E18-431A-B376-7EA17CE0CD17}.Debug|Any CPU.ActiveCfg = Debug|Any CPU
		{8BA4277F-7E18-431A-B376-7EA17CE0CD17}.Debug|Any CPU.Build.0 = Debug|Any CPU
		{8BA4277F-7E18-431A-B376-7EA17CE0CD17}.Release|Any CPU.ActiveCfg = Release|Any CPU
		{8BA4277F-7E18-431A-B376-7EA17CE0CD17}.Release|Any CPU.Build.0 = Release|Any CPU
	EndGlobalSection
	GlobalSection(SolutionProperties) = preSolution
		HideSolutionNode = FALSE
	EndGlobalSection
	GlobalSection(ExtensibilityGlobals) = postSolution
		SolutionGuid = {90DBF607-67FA-4280-BAD3-D86B8220E40A}
	EndGlobalSection
EndGlobal
